
Microsoft Visual Studio Solution File, Format Version 12.00
# Visual Studio 15
VisualStudioVersion = 15.0.27130.2036
MinimumVisualStudioVersion = 10.0.40219.1
Project("{FAE04EC0-301F-11D3-BF4B-00C04F79EFBC}") = "OptimaJet.Workflow.Core", "OptimaJet.Workflow.Core\OptimaJet.Workflow.Core.csproj", "{D92EF824-B99D-4955-8078-AA8ECE917187}"
EndProject
Project("{FAE04EC0-301F-11D3-BF4B-00C04F79EFBC}") = "Client.ConsoleApp", "Client.ConsoleApp\Client.ConsoleApp.csproj", "{6856DE77-F61E-4FFE-BC17-DA0055C6B53E}"
EndProject
Project("{FAE04EC0-301F-11D3-BF4B-00C04F79EFBC}") = "AntWay.Core", "AntWay.Core\AntWay.Core.csproj", "{9FB295C0-E9E7-4B37-9120-D9DFCCA9A3F2}"
EndProject
Project("{FAE04EC0-301F-11D3-BF4B-00C04F79EFBC}") = "Example.OWIN.Service", "App.Process.Example.OWIN.Service\Example.OWIN.Service.csproj", "{7CF712E0-7CB1-4DE3-AB5C-D82E7F5BE7C8}"
EndProject
Project("{FAE04EC0-301F-11D3-BF4B-00C04F79EFBC}") = "AntWay.Director.Service", "AntWay.Director.Service\AntWay.Director.Service.csproj", "{883CE3FD-8366-4191-B84A-E3BFAAE949C3}"
EndProject
Project("{FAE04EC0-301F-11D3-BF4B-00C04F79EFBC}") = "Example.BLL", "Example.BLL\Example.BLL.csproj", "{C2B353CB-D61B-41F2-BAC3-999822942580}"
EndProject
Project("{FAE04EC0-301F-11D3-BF4B-00C04F79EFBC}") = "Workflow.Scheme.Designer.Web", "Workflow.Scheme.Designer.Web\Workflow.Scheme.Designer.Web.csproj", "{B71168DE-5E79-4C8A-B786-CE1301636F7F}"
EndProject
Project("{FAE04EC0-301F-11D3-BF4B-00C04F79EFBC}") = "AntWay.Oracle.Provider", "AntWay.Oracle.Provider\AntWay.Oracle.Provider.csproj", "{D92A8F0F-7E8C-4D6F-B915-2032B7EE3147}"
EndProject
Project("{FAE04EC0-301F-11D3-BF4B-00C04F79EFBC}") = "Antway.Persistence.Provider", "Antway.Persistence.Provider\Antway.Persistence.Provider.csproj", "{14694484-9517-491F-A03F-4337459947AE}"
EndProject
Project("{FAE04EC0-301F-11D3-BF4B-00C04F79EFBC}") = "OptimaJet.Workflow.Oracle", "OptimaJet.Workflow.Oracle\OptimaJet.Workflow.Oracle.csproj", "{B5EC37AD-83E1-4BEA-912C-5FBD4D39D9C4}"
EndProject
Global
	GlobalSection(SolutionConfigurationPlatforms) = preSolution
		Debug|Any CPU = Debug|Any CPU
		Debug|x64 = Debug|x64
		Debug|x86 = Debug|x86
		Release|Any CPU = Release|Any CPU
		Release|x64 = Release|x64
		Release|x86 = Release|x86
	EndGlobalSection
	GlobalSection(ProjectConfigurationPlatforms) = postSolution
		{D92EF824-B99D-4955-8078-AA8ECE917187}.Debug|Any CPU.ActiveCfg = Debug|Any CPU
		{D92EF824-B99D-4955-8078-AA8ECE917187}.Debug|Any CPU.Build.0 = Debug|Any CPU
		{D92EF824-B99D-4955-8078-AA8ECE917187}.Debug|x64.ActiveCfg = Debug|Any CPU
		{D92EF824-B99D-4955-8078-AA8ECE917187}.Debug|x64.Build.0 = Debug|Any CPU
		{D92EF824-B99D-4955-8078-AA8ECE917187}.Debug|x86.ActiveCfg = Debug|Any CPU
		{D92EF824-B99D-4955-8078-AA8ECE917187}.Debug|x86.Build.0 = Debug|Any CPU
		{D92EF824-B99D-4955-8078-AA8ECE917187}.Release|Any CPU.ActiveCfg = Release|Any CPU
		{D92EF824-B99D-4955-8078-AA8ECE917187}.Release|Any CPU.Build.0 = Release|Any CPU
		{D92EF824-B99D-4955-8078-AA8ECE917187}.Release|x64.ActiveCfg = Release|Any CPU
		{D92EF824-B99D-4955-8078-AA8ECE917187}.Release|x64.Build.0 = Release|Any CPU
		{D92EF824-B99D-4955-8078-AA8ECE917187}.Release|x86.ActiveCfg = Release|Any CPU
		{D92EF824-B99D-4955-8078-AA8ECE917187}.Release|x86.Build.0 = Release|Any CPU
		{6856DE77-F61E-4FFE-BC17-DA0055C6B53E}.Debug|Any CPU.ActiveCfg = Debug|Any CPU
		{6856DE77-F61E-4FFE-BC17-DA0055C6B53E}.Debug|Any CPU.Build.0 = Debug|Any CPU
		{6856DE77-F61E-4FFE-BC17-DA0055C6B53E}.Debug|x64.ActiveCfg = Debug|Any CPU
		{6856DE77-F61E-4FFE-BC17-DA0055C6B53E}.Debug|x64.Build.0 = Debug|Any CPU
		{6856DE77-F61E-4FFE-BC17-DA0055C6B53E}.Debug|x86.ActiveCfg = Debug|Any CPU
		{6856DE77-F61E-4FFE-BC17-DA0055C6B53E}.Debug|x86.Build.0 = Debug|Any CPU
		{6856DE77-F61E-4FFE-BC17-DA0055C6B53E}.Release|Any CPU.ActiveCfg = Release|Any CPU
		{6856DE77-F61E-4FFE-BC17-DA0055C6B53E}.Release|Any CPU.Build.0 = Release|Any CPU
		{6856DE77-F61E-4FFE-BC17-DA0055C6B53E}.Release|x64.ActiveCfg = Release|Any CPU
		{6856DE77-F61E-4FFE-BC17-DA0055C6B53E}.Release|x64.Build.0 = Release|Any CPU
		{6856DE77-F61E-4FFE-BC17-DA0055C6B53E}.Release|x86.ActiveCfg = Release|Any CPU
		{6856DE77-F61E-4FFE-BC17-DA0055C6B53E}.Release|x86.Build.0 = Release|Any CPU
		{9FB295C0-E9E7-4B37-9120-D9DFCCA9A3F2}.Debug|Any CPU.ActiveCfg = Debug|Any CPU
		{9FB295C0-E9E7-4B37-9120-D9DFCCA9A3F2}.Debug|Any CPU.Build.0 = Debug|Any CPU
		{9FB295C0-E9E7-4B37-9120-D9DFCCA9A3F2}.Debug|x64.ActiveCfg = Debug|Any CPU
		{9FB295C0-E9E7-4B37-9120-D9DFCCA9A3F2}.Debug|x64.Build.0 = Debug|Any CPU
		{9FB295C0-E9E7-4B37-9120-D9DFCCA9A3F2}.Debug|x86.ActiveCfg = Debug|Any CPU
		{9FB295C0-E9E7-4B37-9120-D9DFCCA9A3F2}.Debug|x86.Build.0 = Debug|Any CPU
		{9FB295C0-E9E7-4B37-9120-D9DFCCA9A3F2}.Release|Any CPU.ActiveCfg = Release|Any CPU
		{9FB295C0-E9E7-4B37-9120-D9DFCCA9A3F2}.Release|Any CPU.Build.0 = Release|Any CPU
		{9FB295C0-E9E7-4B37-9120-D9DFCCA9A3F2}.Release|x64.ActiveCfg = Release|Any CPU
		{9FB295C0-E9E7-4B37-9120-D9DFCCA9A3F2}.Release|x64.Build.0 = Release|Any CPU
		{9FB295C0-E9E7-4B37-9120-D9DFCCA9A3F2}.Release|x86.ActiveCfg = Release|Any CPU
		{9FB295C0-E9E7-4B37-9120-D9DFCCA9A3F2}.Release|x86.Build.0 = Release|Any CPU
		{7CF712E0-7CB1-4DE3-AB5C-D82E7F5BE7C8}.Debug|Any CPU.ActiveCfg = Debug|Any CPU
		{7CF712E0-7CB1-4DE3-AB5C-D82E7F5BE7C8}.Debug|Any CPU.Build.0 = Debug|Any CPU
		{7CF712E0-7CB1-4DE3-AB5C-D82E7F5BE7C8}.Debug|x64.ActiveCfg = Debug|Any CPU
		{7CF712E0-7CB1-4DE3-AB5C-D82E7F5BE7C8}.Debug|x64.Build.0 = Debug|Any CPU
		{7CF712E0-7CB1-4DE3-AB5C-D82E7F5BE7C8}.Debug|x86.ActiveCfg = Debug|Any CPU
		{7CF712E0-7CB1-4DE3-AB5C-D82E7F5BE7C8}.Debug|x86.Build.0 = Debug|Any CPU
		{7CF712E0-7CB1-4DE3-AB5C-D82E7F5BE7C8}.Release|Any CPU.ActiveCfg = Release|Any CPU
		{7CF712E0-7CB1-4DE3-AB5C-D82E7F5BE7C8}.Release|Any CPU.Build.0 = Release|Any CPU
		{7CF712E0-7CB1-4DE3-AB5C-D82E7F5BE7C8}.Release|x64.ActiveCfg = Release|Any CPU
		{7CF712E0-7CB1-4DE3-AB5C-D82E7F5BE7C8}.Release|x64.Build.0 = Release|Any CPU
		{7CF712E0-7CB1-4DE3-AB5C-D82E7F5BE7C8}.Release|x86.ActiveCfg = Release|Any CPU
		{7CF712E0-7CB1-4DE3-AB5C-D82E7F5BE7C8}.Release|x86.Build.0 = Release|Any CPU
		{883CE3FD-8366-4191-B84A-E3BFAAE949C3}.Debug|Any CPU.ActiveCfg = Debug|Any CPU
		{883CE3FD-8366-4191-B84A-E3BFAAE949C3}.Debug|Any CPU.Build.0 = Debug|Any CPU
		{883CE3FD-8366-4191-B84A-E3BFAAE949C3}.Debug|x64.ActiveCfg = Debug|Any CPU
		{883CE3FD-8366-4191-B84A-E3BFAAE949C3}.Debug|x64.Build.0 = Debug|Any CPU
		{883CE3FD-8366-4191-B84A-E3BFAAE949C3}.Debug|x86.ActiveCfg = Debug|Any CPU
		{883CE3FD-8366-4191-B84A-E3BFAAE949C3}.Debug|x86.Build.0 = Debug|Any CPU
		{883CE3FD-8366-4191-B84A-E3BFAAE949C3}.Release|Any CPU.ActiveCfg = Release|Any CPU
		{883CE3FD-8366-4191-B84A-E3BFAAE949C3}.Release|Any CPU.Build.0 = Release|Any CPU
		{883CE3FD-8366-4191-B84A-E3BFAAE949C3}.Release|x64.ActiveCfg = Release|Any CPU
		{883CE3FD-8366-4191-B84A-E3BFAAE949C3}.Release|x64.Build.0 = Release|Any CPU
		{883CE3FD-8366-4191-B84A-E3BFAAE949C3}.Release|x86.ActiveCfg = Release|Any CPU
		{883CE3FD-8366-4191-B84A-E3BFAAE949C3}.Release|x86.Build.0 = Release|Any CPU
		{C2B353CB-D61B-41F2-BAC3-999822942580}.Debug|Any CPU.ActiveCfg = Debug|Any CPU
		{C2B353CB-D61B-41F2-BAC3-999822942580}.Debug|Any CPU.Build.0 = Debug|Any CPU
		{C2B353CB-D61B-41F2-BAC3-999822942580}.Debug|x64.ActiveCfg = Debug|Any CPU
		{C2B353CB-D61B-41F2-BAC3-999822942580}.Debug|x64.Build.0 = Debug|Any CPU
		{C2B353CB-D61B-41F2-BAC3-999822942580}.Debug|x86.ActiveCfg = Debug|Any CPU
		{C2B353CB-D61B-41F2-BAC3-999822942580}.Debug|x86.Build.0 = Debug|Any CPU
		{C2B353CB-D61B-41F2-BAC3-999822942580}.Release|Any CPU.ActiveCfg = Release|Any CPU
		{C2B353CB-D61B-41F2-BAC3-999822942580}.Release|Any CPU.Build.0 = Release|Any CPU
		{C2B353CB-D61B-41F2-BAC3-999822942580}.Release|x64.ActiveCfg = Release|Any CPU
		{C2B353CB-D61B-41F2-BAC3-999822942580}.Release|x64.Build.0 = Release|Any CPU
		{C2B353CB-D61B-41F2-BAC3-999822942580}.Release|x86.ActiveCfg = Release|Any CPU
		{C2B353CB-D61B-41F2-BAC3-999822942580}.Release|x86.Build.0 = Release|Any CPU
		{B71168DE-5E79-4C8A-B786-CE1301636F7F}.Debug|Any CPU.ActiveCfg = Debug|Any CPU
		{B71168DE-5E79-4C8A-B786-CE1301636F7F}.Debug|Any CPU.Build.0 = Debug|Any CPU
		{B71168DE-5E79-4C8A-B786-CE1301636F7F}.Debug|x64.ActiveCfg = Debug|Any CPU
		{B71168DE-5E79-4C8A-B786-CE1301636F7F}.Debug|x64.Build.0 = Debug|Any CPU
		{B71168DE-5E79-4C8A-B786-CE1301636F7F}.Debug|x86.ActiveCfg = Debug|Any CPU
		{B71168DE-5E79-4C8A-B786-CE1301636F7F}.Debug|x86.Build.0 = Debug|Any CPU
		{B71168DE-5E79-4C8A-B786-CE1301636F7F}.Release|Any CPU.ActiveCfg = Release|Any CPU
		{B71168DE-5E79-4C8A-B786-CE1301636F7F}.Release|Any CPU.Build.0 = Release|Any CPU
		{B71168DE-5E79-4C8A-B786-CE1301636F7F}.Release|x64.ActiveCfg = Release|Any CPU
		{B71168DE-5E79-4C8A-B786-CE1301636F7F}.Release|x64.Build.0 = Release|Any CPU
		{B71168DE-5E79-4C8A-B786-CE1301636F7F}.Release|x86.ActiveCfg = Release|Any CPU
		{B71168DE-5E79-4C8A-B786-CE1301636F7F}.Release|x86.Build.0 = Release|Any CPU
		{D92A8F0F-7E8C-4D6F-B915-2032B7EE3147}.Debug|Any CPU.ActiveCfg = Debug|Any CPU
		{D92A8F0F-7E8C-4D6F-B915-2032B7EE3147}.Debug|Any CPU.Build.0 = Debug|Any CPU
		{D92A8F0F-7E8C-4D6F-B915-2032B7EE3147}.Debug|x64.ActiveCfg = Debug|Any CPU
		{D92A8F0F-7E8C-4D6F-B915-2032B7EE3147}.Debug|x64.Build.0 = Debug|Any CPU
		{D92A8F0F-7E8C-4D6F-B915-2032B7EE3147}.Debug|x86.ActiveCfg = Debug|Any CPU
		{D92A8F0F-7E8C-4D6F-B915-2032B7EE3147}.Debug|x86.Build.0 = Debug|Any CPU
		{D92A8F0F-7E8C-4D6F-B915-2032B7EE3147}.Release|Any CPU.ActiveCfg = Release|Any CPU
		{D92A8F0F-7E8C-4D6F-B915-2032B7EE3147}.Release|Any CPU.Build.0 = Release|Any CPU
		{D92A8F0F-7E8C-4D6F-B915-2032B7EE3147}.Release|x64.ActiveCfg = Release|Any CPU
		{D92A8F0F-7E8C-4D6F-B915-2032B7EE3147}.Release|x64.Build.0 = Release|Any CPU
		{D92A8F0F-7E8C-4D6F-B915-2032B7EE3147}.Release|x86.ActiveCfg = Release|Any CPU
		{D92A8F0F-7E8C-4D6F-B915-2032B7EE3147}.Release|x86.Build.0 = Release|Any CPU
		{14694484-9517-491F-A03F-4337459947AE}.Debug|Any CPU.ActiveCfg = Debug|Any CPU
		{14694484-9517-491F-A03F-4337459947AE}.Debug|Any CPU.Build.0 = Debug|Any CPU
		{14694484-9517-491F-A03F-4337459947AE}.Debug|x64.ActiveCfg = Debug|Any CPU
		{14694484-9517-491F-A03F-4337459947AE}.Debug|x64.Build.0 = Debug|Any CPU
		{14694484-9517-491F-A03F-4337459947AE}.Debug|x86.ActiveCfg = Debug|Any CPU
		{14694484-9517-491F-A03F-4337459947AE}.Debug|x86.Build.0 = Debug|Any CPU
		{14694484-9517-491F-A03F-4337459947AE}.Release|Any CPU.ActiveCfg = Release|Any CPU
		{14694484-9517-491F-A03F-4337459947AE}.Release|Any CPU.Build.0 = Release|Any CPU
		{14694484-9517-491F-A03F-4337459947AE}.Release|x64.ActiveCfg = Release|Any CPU
		{14694484-9517-491F-A03F-4337459947AE}.Release|x64.Build.0 = Release|Any CPU
		{14694484-9517-491F-A03F-4337459947AE}.Release|x86.ActiveCfg = Release|Any CPU
		{14694484-9517-491F-A03F-4337459947AE}.Release|x86.Build.0 = Release|Any CPU
		{B5EC37AD-83E1-4BEA-912C-5FBD4D39D9C4}.Debug|Any CPU.ActiveCfg = Debug|Any CPU
		{B5EC37AD-83E1-4BEA-912C-5FBD4D39D9C4}.Debug|Any CPU.Build.0 = Debug|Any CPU
		{B5EC37AD-83E1-4BEA-912C-5FBD4D39D9C4}.Debug|x64.ActiveCfg = Debug|x64
		{B5EC37AD-83E1-4BEA-912C-5FBD4D39D9C4}.Debug|x64.Build.0 = Debug|x64
		{B5EC37AD-83E1-4BEA-912C-5FBD4D39D9C4}.Debug|x86.ActiveCfg = Debug|x86
		{B5EC37AD-83E1-4BEA-912C-5FBD4D39D9C4}.Debug|x86.Build.0 = Debug|x86
		{B5EC37AD-83E1-4BEA-912C-5FBD4D39D9C4}.Release|Any CPU.ActiveCfg = Release|Any CPU
		{B5EC37AD-83E1-4BEA-912C-5FBD4D39D9C4}.Release|Any CPU.Build.0 = Release|Any CPU
		{B5EC37AD-83E1-4BEA-912C-5FBD4D39D9C4}.Release|x64.ActiveCfg = Release|x64
		{B5EC37AD-83E1-4BEA-912C-5FBD4D39D9C4}.Release|x64.Build.0 = Release|x64
		{B5EC37AD-83E1-4BEA-912C-5FBD4D39D9C4}.Release|x86.ActiveCfg = Release|x86
		{B5EC37AD-83E1-4BEA-912C-5FBD4D39D9C4}.Release|x86.Build.0 = Release|x86
	EndGlobalSection
	GlobalSection(SolutionProperties) = preSolution
		HideSolutionNode = FALSE
	EndGlobalSection
	GlobalSection(ExtensibilityGlobals) = postSolution
		SolutionGuid = {991720FE-D401-4814-AEAD-49C6EA9C3FA3}
	EndGlobalSection
EndGlobal
