
Microsoft Visual Studio Solution File, Format Version 12.00
# Visual Studio 15
VisualStudioVersion = 15.0.27130.2036
MinimumVisualStudioVersion = 10.0.40219.1
Project("{FAE04EC0-301F-11D3-BF4B-00C04F79EFBC}") = "OptimaJet.Workflow.Core", "OptimaJet.Workflow.Core\OptimaJet.Workflow.Core.csproj", "{D92EF824-B99D-4955-8078-AA8ECE917187}"
EndProject
Project("{FAE04EC0-301F-11D3-BF4B-00C04F79EFBC}") = "Client.ConsoleApp", "Client.ConsoleApp\Client.ConsoleApp.csproj", "{6856DE77-F61E-4FFE-BC17-DA0055C6B53E}"
EndProject
Project("{FAE04EC0-301F-11D3-BF4B-00C04F79EFBC}") = "Client.Web", "Client.Web\Client.Web.csproj", "{B71168DE-5E79-4C8A-B786-CE1301636F7F}"
EndProject
Project("{FAE04EC0-301F-11D3-BF4B-00C04F79EFBC}") = "WorkFlowEngine", "WorkFlowEngine\WorkFlowEngine.csproj", "{9F116887-3658-467C-8471-6A9C5D22EADE}"
EndProject
Global
	GlobalSection(SolutionConfigurationPlatforms) = preSolution
		Debug|Any CPU = Debug|Any CPU
		Debug|x64 = Debug|x64
		Debug|x86 = Debug|x86
		Release|Any CPU = Release|Any CPU
		Release|x64 = Release|x64
		Release|x86 = Release|x86
	EndGlobalSection
	GlobalSection(ProjectConfigurationPlatforms) = postSolution
		{D92EF824-B99D-4955-8078-AA8ECE917187}.Debug|Any CPU.ActiveCfg = Debug|Any CPU
		{D92EF824-B99D-4955-8078-AA8ECE917187}.Debug|Any CPU.Build.0 = Debug|Any CPU
		{D92EF824-B99D-4955-8078-AA8ECE917187}.Debug|x64.ActiveCfg = Debug|Any CPU
		{D92EF824-B99D-4955-8078-AA8ECE917187}.Debug|x64.Build.0 = Debug|Any CPU
		{D92EF824-B99D-4955-8078-AA8ECE917187}.Debug|x86.ActiveCfg = Debug|Any CPU
		{D92EF824-B99D-4955-8078-AA8ECE917187}.Debug|x86.Build.0 = Debug|Any CPU
		{D92EF824-B99D-4955-8078-AA8ECE917187}.Release|Any CPU.ActiveCfg = Release|Any CPU
		{D92EF824-B99D-4955-8078-AA8ECE917187}.Release|Any CPU.Build.0 = Release|Any CPU
		{D92EF824-B99D-4955-8078-AA8ECE917187}.Release|x64.ActiveCfg = Release|Any CPU
		{D92EF824-B99D-4955-8078-AA8ECE917187}.Release|x64.Build.0 = Release|Any CPU
		{D92EF824-B99D-4955-8078-AA8ECE917187}.Release|x86.ActiveCfg = Release|Any CPU
		{D92EF824-B99D-4955-8078-AA8ECE917187}.Release|x86.Build.0 = Release|Any CPU
		{6856DE77-F61E-4FFE-BC17-DA0055C6B53E}.Debug|Any CPU.ActiveCfg = Debug|Any CPU
		{6856DE77-F61E-4FFE-BC17-DA0055C6B53E}.Debug|Any CPU.Build.0 = Debug|Any CPU
		{6856DE77-F61E-4FFE-BC17-DA0055C6B53E}.Debug|x64.ActiveCfg = Debug|Any CPU
		{6856DE77-F61E-4FFE-BC17-DA0055C6B53E}.Debug|x64.Build.0 = Debug|Any CPU
		{6856DE77-F61E-4FFE-BC17-DA0055C6B53E}.Debug|x86.ActiveCfg = Debug|Any CPU
		{6856DE77-F61E-4FFE-BC17-DA0055C6B53E}.Debug|x86.Build.0 = Debug|Any CPU
		{6856DE77-F61E-4FFE-BC17-DA0055C6B53E}.Release|Any CPU.ActiveCfg = Release|Any CPU
		{6856DE77-F61E-4FFE-BC17-DA0055C6B53E}.Release|Any CPU.Build.0 = Release|Any CPU
		{6856DE77-F61E-4FFE-BC17-DA0055C6B53E}.Release|x64.ActiveCfg = Release|Any CPU
		{6856DE77-F61E-4FFE-BC17-DA0055C6B53E}.Release|x64.Build.0 = Release|Any CPU
		{6856DE77-F61E-4FFE-BC17-DA0055C6B53E}.Release|x86.ActiveCfg = Release|Any CPU
		{6856DE77-F61E-4FFE-BC17-DA0055C6B53E}.Release|x86.Build.0 = Release|Any CPU
		{B71168DE-5E79-4C8A-B786-CE1301636F7F}.Debug|Any CPU.ActiveCfg = Debug|Any CPU
		{B71168DE-5E79-4C8A-B786-CE1301636F7F}.Debug|Any CPU.Build.0 = Debug|Any CPU
		{B71168DE-5E79-4C8A-B786-CE1301636F7F}.Debug|x64.ActiveCfg = Debug|Any CPU
		{B71168DE-5E79-4C8A-B786-CE1301636F7F}.Debug|x64.Build.0 = Debug|Any CPU
		{B71168DE-5E79-4C8A-B786-CE1301636F7F}.Debug|x86.ActiveCfg = Debug|Any CPU
		{B71168DE-5E79-4C8A-B786-CE1301636F7F}.Debug|x86.Build.0 = Debug|Any CPU
		{B71168DE-5E79-4C8A-B786-CE1301636F7F}.Release|Any CPU.ActiveCfg = Release|Any CPU
		{B71168DE-5E79-4C8A-B786-CE1301636F7F}.Release|Any CPU.Build.0 = Release|Any CPU
		{B71168DE-5E79-4C8A-B786-CE1301636F7F}.Release|x64.ActiveCfg = Release|Any CPU
		{B71168DE-5E79-4C8A-B786-CE1301636F7F}.Release|x64.Build.0 = Release|Any CPU
		{B71168DE-5E79-4C8A-B786-CE1301636F7F}.Release|x86.ActiveCfg = Release|Any CPU
		{B71168DE-5E79-4C8A-B786-CE1301636F7F}.Release|x86.Build.0 = Release|Any CPU
		{9F116887-3658-467C-8471-6A9C5D22EADE}.Debug|Any CPU.ActiveCfg = Debug|Any CPU
		{9F116887-3658-467C-8471-6A9C5D22EADE}.Debug|Any CPU.Build.0 = Debug|Any CPU
		{9F116887-3658-467C-8471-6A9C5D22EADE}.Debug|x64.ActiveCfg = Debug|Any CPU
		{9F116887-3658-467C-8471-6A9C5D22EADE}.Debug|x64.Build.0 = Debug|Any CPU
		{9F116887-3658-467C-8471-6A9C5D22EADE}.Debug|x86.ActiveCfg = Debug|Any CPU
		{9F116887-3658-467C-8471-6A9C5D22EADE}.Debug|x86.Build.0 = Debug|Any CPU
		{9F116887-3658-467C-8471-6A9C5D22EADE}.Release|Any CPU.ActiveCfg = Release|Any CPU
		{9F116887-3658-467C-8471-6A9C5D22EADE}.Release|Any CPU.Build.0 = Release|Any CPU
		{9F116887-3658-467C-8471-6A9C5D22EADE}.Release|x64.ActiveCfg = Release|Any CPU
		{9F116887-3658-467C-8471-6A9C5D22EADE}.Release|x64.Build.0 = Release|Any CPU
		{9F116887-3658-467C-8471-6A9C5D22EADE}.Release|x86.ActiveCfg = Release|Any CPU
		{9F116887-3658-467C-8471-6A9C5D22EADE}.Release|x86.Build.0 = Release|Any CPU
	EndGlobalSection
	GlobalSection(SolutionProperties) = preSolution
		HideSolutionNode = FALSE
	EndGlobalSection
	GlobalSection(ExtensibilityGlobals) = postSolution
		SolutionGuid = {991720FE-D401-4814-AEAD-49C6EA9C3FA3}
	EndGlobalSection
EndGlobal
