
Microsoft Visual Studio Solution File, Format Version 12.00
# Visual Studio 15
VisualStudioVersion = 15.0.27130.2036
MinimumVisualStudioVersion = 10.0.40219.1
Project("{FAE04EC0-301F-11D3-BF4B-00C04F79EFBC}") = "WorkFlow.BLL", "Workflow.BLL\WorkFlow.BLL.csproj", "{B87A3055-4F81-4723-BA5D-60C41ED333A5}"
EndProject
Project("{FAE04EC0-301F-11D3-BF4B-00C04F79EFBC}") = "Workflow.Interfaces", "Workflow.Interfaces\Workflow.Interfaces.csproj", "{79444D23-FE26-4FB8-B043-EBEB25AC74E2}"
EndProject
Project("{FAE04EC0-301F-11D3-BF4B-00C04F79EFBC}") = "Workflow.Console", "Workflow.Console\Workflow.Console.csproj", "{B54C6195-718E-480B-9CE9-E93ECC2BE9EB}"
EndProject
Project("{FAE04EC0-301F-11D3-BF4B-00C04F79EFBC}") = "Workflow.Data", "Workflow.Data\Workflow.Data.csproj", "{82FB3D05-4A1E-49E3-BCC0-A128FA895971}"
EndProject
Project("{FAE04EC0-301F-11D3-BF4B-00C04F79EFBC}") = "Workflow.EFDAL", "Workflow.EFDAL\Workflow.EFDAL.csproj", "{7D61BADA-6D2B-4B62-BFCD-91CE992D0977}"
EndProject
Project("{FAE04EC0-301F-11D3-BF4B-00C04F79EFBC}") = "WorkFlow.Views", "WorkFlow.Views\WorkFlow.Views.csproj", "{77E86246-6241-45BE-9FD4-87902BF451A1}"
EndProject
Project("{E24C65DC-7377-472B-9ABA-BC803B73C61A}") = "Workflow.UI.Laboratory(1)", "Workflow.UI.Laboratory\", "{D0D71F7C-946F-4AB6-9637-18D506B0F747}"
	ProjectSection(WebsiteProperties) = preProject
		TargetFrameworkMoniker = ".NETFramework,Version%3Dv4.6.1"
		Debug.AspNetCompiler.VirtualPath = "/localhost_58615"
		Debug.AspNetCompiler.PhysicalPath = "Workflow.UI.Laboratory\"
		Debug.AspNetCompiler.TargetPath = "PrecompiledWeb\localhost_58615\"
		Debug.AspNetCompiler.Updateable = "true"
		Debug.AspNetCompiler.ForceOverwrite = "true"
		Debug.AspNetCompiler.FixedNames = "false"
		Debug.AspNetCompiler.Debug = "True"
		Release.AspNetCompiler.VirtualPath = "/localhost_58615"
		Release.AspNetCompiler.PhysicalPath = "Workflow.UI.Laboratory\"
		Release.AspNetCompiler.TargetPath = "PrecompiledWeb\localhost_58615\"
		Release.AspNetCompiler.Updateable = "true"
		Release.AspNetCompiler.ForceOverwrite = "true"
		Release.AspNetCompiler.FixedNames = "false"
		Release.AspNetCompiler.Debug = "False"
		VWDPort = "58615"
		DefaultWebSiteLanguage = "Visual C#"
	EndProjectSection
EndProject
Global
	GlobalSection(SolutionConfigurationPlatforms) = preSolution
		Debug|Any CPU = Debug|Any CPU
		Release|Any CPU = Release|Any CPU
	EndGlobalSection
	GlobalSection(ProjectConfigurationPlatforms) = postSolution
		{B87A3055-4F81-4723-BA5D-60C41ED333A5}.Debug|Any CPU.ActiveCfg = Debug|Any CPU
		{B87A3055-4F81-4723-BA5D-60C41ED333A5}.Debug|Any CPU.Build.0 = Debug|Any CPU
		{B87A3055-4F81-4723-BA5D-60C41ED333A5}.Release|Any CPU.ActiveCfg = Release|Any CPU
		{B87A3055-4F81-4723-BA5D-60C41ED333A5}.Release|Any CPU.Build.0 = Release|Any CPU
		{79444D23-FE26-4FB8-B043-EBEB25AC74E2}.Debug|Any CPU.ActiveCfg = Debug|Any CPU
		{79444D23-FE26-4FB8-B043-EBEB25AC74E2}.Debug|Any CPU.Build.0 = Debug|Any CPU
		{79444D23-FE26-4FB8-B043-EBEB25AC74E2}.Release|Any CPU.ActiveCfg = Release|Any CPU
		{79444D23-FE26-4FB8-B043-EBEB25AC74E2}.Release|Any CPU.Build.0 = Release|Any CPU
		{B54C6195-718E-480B-9CE9-E93ECC2BE9EB}.Debug|Any CPU.ActiveCfg = Debug|Any CPU
		{B54C6195-718E-480B-9CE9-E93ECC2BE9EB}.Debug|Any CPU.Build.0 = Debug|Any CPU
		{B54C6195-718E-480B-9CE9-E93ECC2BE9EB}.Release|Any CPU.ActiveCfg = Release|Any CPU
		{B54C6195-718E-480B-9CE9-E93ECC2BE9EB}.Release|Any CPU.Build.0 = Release|Any CPU
		{82FB3D05-4A1E-49E3-BCC0-A128FA895971}.Debug|Any CPU.ActiveCfg = Debug|Any CPU
		{82FB3D05-4A1E-49E3-BCC0-A128FA895971}.Debug|Any CPU.Build.0 = Debug|Any CPU
		{82FB3D05-4A1E-49E3-BCC0-A128FA895971}.Release|Any CPU.ActiveCfg = Release|Any CPU
		{82FB3D05-4A1E-49E3-BCC0-A128FA895971}.Release|Any CPU.Build.0 = Release|Any CPU
		{7D61BADA-6D2B-4B62-BFCD-91CE992D0977}.Debug|Any CPU.ActiveCfg = Debug|Any CPU
		{7D61BADA-6D2B-4B62-BFCD-91CE992D0977}.Debug|Any CPU.Build.0 = Debug|Any CPU
		{7D61BADA-6D2B-4B62-BFCD-91CE992D0977}.Release|Any CPU.ActiveCfg = Release|Any CPU
		{7D61BADA-6D2B-4B62-BFCD-91CE992D0977}.Release|Any CPU.Build.0 = Release|Any CPU
		{77E86246-6241-45BE-9FD4-87902BF451A1}.Debug|Any CPU.ActiveCfg = Debug|Any CPU
		{77E86246-6241-45BE-9FD4-87902BF451A1}.Debug|Any CPU.Build.0 = Debug|Any CPU
		{77E86246-6241-45BE-9FD4-87902BF451A1}.Release|Any CPU.ActiveCfg = Release|Any CPU
		{77E86246-6241-45BE-9FD4-87902BF451A1}.Release|Any CPU.Build.0 = Release|Any CPU
		{D0D71F7C-946F-4AB6-9637-18D506B0F747}.Debug|Any CPU.ActiveCfg = Debug|Any CPU
		{D0D71F7C-946F-4AB6-9637-18D506B0F747}.Debug|Any CPU.Build.0 = Debug|Any CPU
		{D0D71F7C-946F-4AB6-9637-18D506B0F747}.Release|Any CPU.ActiveCfg = Debug|Any CPU
		{D0D71F7C-946F-4AB6-9637-18D506B0F747}.Release|Any CPU.Build.0 = Debug|Any CPU
	EndGlobalSection
	GlobalSection(SolutionProperties) = preSolution
		HideSolutionNode = FALSE
	EndGlobalSection
	GlobalSection(ExtensibilityGlobals) = postSolution
		SolutionGuid = {952F7BF9-A8FF-435B-B272-052F091E3F55}
	EndGlobalSection
EndGlobal
